{
  "requires": true,
  "lockfileVersion": 1,
  "dependencies": {
    "isotope": {
      "version": "1.0.0-alpha.3",
      "resolved": "https://registry.npmjs.org/isotope/-/isotope-1.0.0-alpha.3.tgz",
      "integrity": "sha1-Zmiq8mTnjCDNAkY+tb1nlFRrxKw="
    },
    "jquery": {
      "version": "3.4.0",
      "resolved": "https://registry.npmjs.org/jquery/-/jquery-3.4.0.tgz",
      "integrity": "sha512-ggRCXln9zEqv6OqAGXFEcshF5dSBvCkzj6Gm2gzuR5fWawaX8t7cxKVkkygKODrDAzKdoYw3l/e3pm3vlT4IbQ=="
    },
    "lightbox": {
      "version": "0.5.0",
      "resolved": "https://registry.npmjs.org/lightbox/-/lightbox-0.5.0.tgz",
      "integrity": "sha1-zM1f+rVHz/jv0kHy3ZzErN8YC5M="
    },
    "lightbox2": {
      "version": "2.10.0",
      "resolved": "https://registry.npmjs.org/lightbox2/-/lightbox2-2.10.0.tgz",
      "integrity": "sha1-BrP3t718EzLCDQN2AtlldUL9feQ="
    },
    "lightgallery": {
      "version": "1.6.12",
      "resolved": "https://registry.npmjs.org/lightgallery/-/lightgallery-1.6.12.tgz",
      "integrity": "sha512-t8hIgZc3ZvGW9pG8Bd68bXcUj7FWGewaroT7ADYo2fvQTgkqcMMLtXw9yQclS7BF0soadA0B6BN3MWOEiS2pYA==",
      "requires": {
        "jquery": ">=1.7.0"
      }
    }
  }
}
